
Microsoft Visual Studio Solution File, Format Version 12.00
# Visual Studio Version 17
VisualStudioVersion = 17.0.31808.319
MinimumVisualStudioVersion = 10.0.40219.1
Project("{9A19103F-16F7-4668-BE54-9A1E7A4F7556}") = "WpfAppIndustryProtocolTestTool", "WpfAppIndustryProtocolTestTool\WpfAppIndustryProtocolTestTool.csproj", "{12B05C9E-15E0-4511-AE32-9BB07D8BC6EE}"
EndProject
Global
	GlobalSection(SolutionConfigurationPlatforms) = preSolution
		Debug|Any CPU = Debug|Any CPU
		Debug|x86 = Debug|x86
		Release|Any CPU = Release|Any CPU
		Release|x86 = Release|x86
	EndGlobalSection
	GlobalSection(ProjectConfigurationPlatforms) = postSolution
		{12B05C9E-15E0-4511-AE32-9BB07D8BC6EE}.Debug|Any CPU.ActiveCfg = Debug|Any CPU
		{12B05C9E-15E0-4511-AE32-9BB07D8BC6EE}.Debug|Any CPU.Build.0 = Debug|Any CPU
		{12B05C9E-15E0-4511-AE32-9BB07D8BC6EE}.Debug|x86.ActiveCfg = Debug|x86
		{12B05C9E-15E0-4511-AE32-9BB07D8BC6EE}.Debug|x86.Build.0 = Debug|x86
		{12B05C9E-15E0-4511-AE32-9BB07D8BC6EE}.Release|Any CPU.ActiveCfg = Release|Any CPU
		{12B05C9E-15E0-4511-AE32-9BB07D8BC6EE}.Release|Any CPU.Build.0 = Release|Any CPU
		{12B05C9E-15E0-4511-AE32-9BB07D8BC6EE}.Release|x86.ActiveCfg = Release|x86
		{12B05C9E-15E0-4511-AE32-9BB07D8BC6EE}.Release|x86.Build.0 = Release|x86
	EndGlobalSection
	GlobalSection(SolutionProperties) = preSolution
		HideSolutionNode = FALSE
	EndGlobalSection
	GlobalSection(ExtensibilityGlobals) = postSolution
		SolutionGuid = {3E38F154-5E3F-479E-B8B4-BE0E53A8C91A}
	EndGlobalSection
EndGlobal
